# THIS IS AN AUTOGENERATED FILE. DO NOT EDIT THIS FILE DIRECTLY.
# yarn lockfile v1


"@types/file-saver@^2.0.1":
  version "2.0.7"
  resolved "https://registry.yarnpkg.com/@types/file-saver/-/file-saver-2.0.7.tgz#8dbb2f24bdc7486c54aa854eb414940bbd056f7d"
  integrity sha512-dNKVfHd/jk0SkR/exKGj2ggkB45MAkzvWCaqLUUgkyjITkGNzH8H+yUwr+BLJUBjZOe9w8X3wgmXhZDRg1ED6A==

"@types/node@^26.6.3":
  version "26.6.3"
  resolved "https://registry.yarnpkg.com/@types/node/-/node-26.6.3.tgz#411dccb5fc25687c958fe35b6ca3741d48a8d13c"
  integrity sha512-dsqMQQoeTLqu9wynDD00q573mNzso3IdQOAfHRJqLCcmCFPoGo9A1bDpUcv/9tnKpErQWv9uKeGfl37EIS02Yg==
  dependencies:
    undici-types "~8.9.0"

undici-types@~8.9.0:
  version "8.9.0"
  resolved "https://registry.yarnpkg.com/undici-types/-/undici-types-8.9.0.tgz#e240d97c8b5d85e5347ce73d25865c7906c1ec9f"
  integrity sha512-KTDyRTYX8sWmKXAikPHHSyc63CRPETMctyjKFupcC6OBLXT3xsN0e9aF7m+mIXutFWpUXuedtowG7iLOzp0kQg==
