# THIS IS AN AUTOGENERATED FILE. DO NOT EDIT THIS FILE DIRECTLY.
# yarn lockfile v1


"@types/file-saver@^2.0.1":
  version "2.0.5"
  resolved "https://registry.yarnpkg.com/@types/file-saver/-/file-saver-2.0.5.tgz#9ee342a5d1314bb0928375424a2f162f97c310c7"
  integrity sha512-zv9kNf3keYegP5oThGLaPk8E081DFDuwfqjtiTzm6PoxChdJ1raSuADf2YGCVIyrSynLrgc8JWv296s7Q7pQSQ==

"@types/node@^14.0.22":
  version "14.18.24"
  resolved "https://registry.yarnpkg.com/@types/node/-/node-14.18.24.tgz#406b220dc748947e1959d8a38a75979e87166704"
  integrity sha512-aJdn8XErcSrfr7k8ZDDfU6/2OgjZcB2Fu9d+ESK8D7Oa5mtsv8Fa8GpcwTA0v60kuZBaalKPzuzun4Ov1YWO/w==
